{
  "name": "07_instalando-modulo",
  "version": "1.0.0",
  "lockfileVersion": 3,
  "requires": true,
  "packages": {
    "": {
      "name": "07_instalando-modulo",
      "version": "1.0.0",
      "license": "ISC",
      "dependencies": {
        "@tiagotickbr/npmpushtest": "^1.0.1"
      }
    },
    "node_modules/@tiagotickbr/npmpushtest": {
      "version": "1.0.1",
      "resolved": "https://registry.npmjs.org/@tiagotickbr/npmpushtest/-/npmpushtest-1.0.1.tgz",
      "integrity": "sha512-79oYGh5Kw1VlwBwZqBI1IAg5Kx4Rm6X9T0RM1ptcVABcaaSHm73bV6q5xHM5CQsPQpI2BDPYONUJaoV+MvnF9Q=="
    }
  }
}
